
Microsoft Visual Studio Solution File, Format Version 12.00
# Visual Studio 15
VisualStudioVersion = 15.0.28307.779
MinimumVisualStudioVersion = 10.0.40219.1
Project("{FAE04EC0-301F-11D3-BF4B-00C04F79EFBC}") = "HPMS", "HPMS\HPMS.csproj", "{106E357B-8369-455F-9F7D-01CC7053EDD3}"
EndProject
Project("{FAE04EC0-301F-11D3-BF4B-00C04F79EFBC}") = "App.Android", "App\App.Android\App.Android.csproj", "{AE6A8DAB-473D-497B-93E0-34D009FC216B}"
EndProject
Project("{9A19103F-16F7-4668-BE54-9A1E7A4F7556}") = "App", "App\App\App.csproj", "{0AA86144-F6AA-4391-B8B3-B9D1A4A79273}"
EndProject
Global
	GlobalSection(SolutionConfigurationPlatforms) = preSolution
		Debug|Any CPU = Debug|Any CPU
		Debug|x86 = Debug|x86
		Release|Any CPU = Release|Any CPU
		Release|x86 = Release|x86
	EndGlobalSection
	GlobalSection(ProjectConfigurationPlatforms) = postSolution
		{106E357B-8369-455F-9F7D-01CC7053EDD3}.Debug|Any CPU.ActiveCfg = Debug|Any CPU
		{106E357B-8369-455F-9F7D-01CC7053EDD3}.Debug|Any CPU.Build.0 = Debug|Any CPU
		{106E357B-8369-455F-9F7D-01CC7053EDD3}.Debug|x86.ActiveCfg = Debug|Any CPU
		{106E357B-8369-455F-9F7D-01CC7053EDD3}.Release|Any CPU.ActiveCfg = Release|Any CPU
		{106E357B-8369-455F-9F7D-01CC7053EDD3}.Release|Any CPU.Build.0 = Release|Any CPU
		{106E357B-8369-455F-9F7D-01CC7053EDD3}.Release|x86.ActiveCfg = Release|Any CPU
		{AE6A8DAB-473D-497B-93E0-34D009FC216B}.Debug|Any CPU.ActiveCfg = Debug|Any CPU
		{AE6A8DAB-473D-497B-93E0-34D009FC216B}.Debug|Any CPU.Build.0 = Debug|Any CPU
		{AE6A8DAB-473D-497B-93E0-34D009FC216B}.Debug|Any CPU.Deploy.0 = Debug|Any CPU
		{AE6A8DAB-473D-497B-93E0-34D009FC216B}.Debug|x86.ActiveCfg = Debug|x86
		{AE6A8DAB-473D-497B-93E0-34D009FC216B}.Debug|x86.Build.0 = Debug|x86
		{AE6A8DAB-473D-497B-93E0-34D009FC216B}.Debug|x86.Deploy.0 = Debug|x86
		{AE6A8DAB-473D-497B-93E0-34D009FC216B}.Release|Any CPU.ActiveCfg = Release|Any CPU
		{AE6A8DAB-473D-497B-93E0-34D009FC216B}.Release|Any CPU.Build.0 = Release|Any CPU
		{AE6A8DAB-473D-497B-93E0-34D009FC216B}.Release|Any CPU.Deploy.0 = Release|Any CPU
		{AE6A8DAB-473D-497B-93E0-34D009FC216B}.Release|x86.ActiveCfg = Release|x86
		{AE6A8DAB-473D-497B-93E0-34D009FC216B}.Release|x86.Build.0 = Release|x86
		{AE6A8DAB-473D-497B-93E0-34D009FC216B}.Release|x86.Deploy.0 = Release|x86
		{0AA86144-F6AA-4391-B8B3-B9D1A4A79273}.Debug|Any CPU.ActiveCfg = Debug|Any CPU
		{0AA86144-F6AA-4391-B8B3-B9D1A4A79273}.Debug|Any CPU.Build.0 = Debug|Any CPU
		{0AA86144-F6AA-4391-B8B3-B9D1A4A79273}.Debug|x86.ActiveCfg = Debug|Any CPU
		{0AA86144-F6AA-4391-B8B3-B9D1A4A79273}.Debug|x86.Build.0 = Debug|Any CPU
		{0AA86144-F6AA-4391-B8B3-B9D1A4A79273}.Release|Any CPU.ActiveCfg = Release|Any CPU
		{0AA86144-F6AA-4391-B8B3-B9D1A4A79273}.Release|Any CPU.Build.0 = Release|Any CPU
		{0AA86144-F6AA-4391-B8B3-B9D1A4A79273}.Release|x86.ActiveCfg = Release|Any CPU
		{0AA86144-F6AA-4391-B8B3-B9D1A4A79273}.Release|x86.Build.0 = Release|Any CPU
	EndGlobalSection
	GlobalSection(SolutionProperties) = preSolution
		HideSolutionNode = FALSE
	EndGlobalSection
	GlobalSection(ExtensibilityGlobals) = postSolution
		SolutionGuid = {99D70978-B7F3-465B-A38F-3B55E07A18E4}
	EndGlobalSection
EndGlobal
